
Microsoft Visual Studio Solution File, Format Version 12.00
# Visual Studio Version 17
VisualStudioVersion = 17.1.32421.90
MinimumVisualStudioVersion = 10.0.40219.1
Project("{9A19103F-16F7-4668-BE54-9A1E7A4F7556}") = "BlazorAccountsManager.Server", "BlazorAccountsManager\Server\BlazorAccountsManager.Server.csproj", "{2D5B83FC-35EF-4A7A-AB06-91C70D779259}"
EndProject
Project("{9A19103F-16F7-4668-BE54-9A1E7A4F7556}") = "BlazorAccountsManager.Client", "BlazorAccountsManager\Client\BlazorAccountsManager.Client.csproj", "{24288B72-986C-4962-ABB4-52C9F13528D0}"
EndProject
Project("{9A19103F-16F7-4668-BE54-9A1E7A4F7556}") = "BlazorAccountsManager.Shared", "BlazorAccountsManager\Shared\BlazorAccountsManager.Shared.csproj", "{0B604C48-B61A-4F9C-882C-03EFB74DE0EA}"
EndProject
Global
	GlobalSection(SolutionConfigurationPlatforms) = preSolution
		Debug|Any CPU = Debug|Any CPU
		Release|Any CPU = Release|Any CPU
	EndGlobalSection
	GlobalSection(ProjectConfigurationPlatforms) = postSolution
		{2D5B83FC-35EF-4A7A-AB06-91C70D779259}.Debug|Any CPU.ActiveCfg = Debug|Any CPU
		{2D5B83FC-35EF-4A7A-AB06-91C70D779259}.Debug|Any CPU.Build.0 = Debug|Any CPU
		{2D5B83FC-35EF-4A7A-AB06-91C70D779259}.Release|Any CPU.ActiveCfg = Release|Any CPU
		{2D5B83FC-35EF-4A7A-AB06-91C70D779259}.Release|Any CPU.Build.0 = Release|Any CPU
		{24288B72-986C-4962-ABB4-52C9F13528D0}.Debug|Any CPU.ActiveCfg = Debug|Any CPU
		{24288B72-986C-4962-ABB4-52C9F13528D0}.Debug|Any CPU.Build.0 = Debug|Any CPU
		{24288B72-986C-4962-ABB4-52C9F13528D0}.Release|Any CPU.ActiveCfg = Release|Any CPU
		{24288B72-986C-4962-ABB4-52C9F13528D0}.Release|Any CPU.Build.0 = Release|Any CPU
		{0B604C48-B61A-4F9C-882C-03EFB74DE0EA}.Debug|Any CPU.ActiveCfg = Debug|Any CPU
		{0B604C48-B61A-4F9C-882C-03EFB74DE0EA}.Debug|Any CPU.Build.0 = Debug|Any CPU
		{0B604C48-B61A-4F9C-882C-03EFB74DE0EA}.Release|Any CPU.ActiveCfg = Release|Any CPU
		{0B604C48-B61A-4F9C-882C-03EFB74DE0EA}.Release|Any CPU.Build.0 = Release|Any CPU
	EndGlobalSection
	GlobalSection(SolutionProperties) = preSolution
		HideSolutionNode = FALSE
	EndGlobalSection
	GlobalSection(ExtensibilityGlobals) = postSolution
		SolutionGuid = {1964FA4A-5C88-4A86-A93D-129944BD7425}
	EndGlobalSection
EndGlobal
